// !$*UTF8*$!
{
	archiveVersion = 1;
	classes = {
	};
	objectVersion = 50;
	objects = {

/* Begin PBXBuildFile section */
		1C10FA194CF0231D787A8F67 /* Pods_Marvel.framework in Frameworks */ = {isa = PBXBuildFile; fileRef = 4A1FF615AB2F9D2D5DA8027C /* Pods_Marvel.framework */; };
		3A9AD6FD2171310000AA9626 /* AppDelegate.swift in Sources */ = {isa = PBXBuildFile; fileRef = 3A9AD6FC2171310000AA9626 /* AppDelegate.swift */; };
		3A9AD6FF2171310000AA9626 /* ViewController.swift in Sources */ = {isa = PBXBuildFile; fileRef = 3A9AD6FE2171310000AA9626 /* ViewController.swift */; };
		3A9AD7022171310000AA9626 /* Main.storyboard in Resources */ = {isa = PBXBuildFile; fileRef = 3A9AD7002171310000AA9626 /* Main.storyboard */; };
		3A9AD7042171310100AA9626 /* Assets.xcassets in Resources */ = {isa = PBXBuildFile; fileRef = 3A9AD7032171310100AA9626 /* Assets.xcassets */; };
		3A9AD7072171310100AA9626 /* LaunchScreen.storyboard in Resources */ = {isa = PBXBuildFile; fileRef = 3A9AD7052171310100AA9626 /* LaunchScreen.storyboard */; };
		3A9AD7122171310200AA9626 /* MarvelApiTests.swift in Sources */ = {isa = PBXBuildFile; fileRef = 3A9AD7112171310200AA9626 /* MarvelApiTests.swift */; };
		3A9AD71D2171310200AA9626 /* MarvelUITests.swift in Sources */ = {isa = PBXBuildFile; fileRef = 3A9AD71C2171310200AA9626 /* MarvelUITests.swift */; };
		3A9AD7312171474600AA9626 /* MarvelModels.swift in Sources */ = {isa = PBXBuildFile; fileRef = 3A9AD7302171474600AA9626 /* MarvelModels.swift */; };
		3A9AD73421714A3400AA9626 /* characters_sample.json in Resources */ = {isa = PBXBuildFile; fileRef = 3A9AD73321714A3400AA9626 /* characters_sample.json */; };
		3A9AD7372171508900AA9626 /* MarvelApi.swift in Sources */ = {isa = PBXBuildFile; fileRef = 3A9AD7362171508900AA9626 /* MarvelApi.swift */; };
		3A9AD73D2171947C00AA9626 /* MarvelApiAuthorization.swift in Sources */ = {isa = PBXBuildFile; fileRef = 3A9AD73C2171947C00AA9626 /* MarvelApiAuthorization.swift */; };
		AC8BC044C9295EDF636BFDFC /* Pods_MarvelTests.framework in Frameworks */ = {isa = PBXBuildFile; fileRef = 4F2E44D3A5935079CC9D8A07 /* Pods_MarvelTests.framework */; };
/* End PBXBuildFile section */

/* Begin PBXContainerItemProxy section */
		3A9AD70E2171310200AA9626 /* PBXContainerItemProxy */ = {
			isa = PBXContainerItemProxy;
			containerPortal = 3A9AD6F12171310000AA9626 /* Project object */;
			proxyType = 1;
			remoteGlobalIDString = 3A9AD6F82171310000AA9626;
			remoteInfo = Marvel;
		};
		3A9AD7192171310200AA9626 /* PBXContainerItemProxy */ = {
			isa = PBXContainerItemProxy;
			containerPortal = 3A9AD6F12171310000AA9626 /* Project object */;
			proxyType = 1;
			remoteGlobalIDString = 3A9AD6F82171310000AA9626;
			remoteInfo = Marvel;
		};
/* End PBXContainerItemProxy section */

/* Begin PBXFileReference section */
		016E6BE1906277485C82B2A6 /* Pods-MarvelTests.release.xcconfig */ = {isa = PBXFileReference; includeInIndex = 1; lastKnownFileType = text.xcconfig; name = "Pods-MarvelTests.release.xcconfig"; path = "Pods/Target Support Files/Pods-MarvelTests/Pods-MarvelTests.release.xcconfig"; sourceTree = "<group>"; };
		3A9AD6F92171310000AA9626 /* Marvel.app */ = {isa = PBXFileReference; explicitFileType = wrapper.application; includeInIndex = 0; path = Marvel.app; sourceTree = BUILT_PRODUCTS_DIR; };
		3A9AD6FC2171310000AA9626 /* AppDelegate.swift */ = {isa = PBXFileReference; lastKnownFileType = sourcecode.swift; path = AppDelegate.swift; sourceTree = "<group>"; };
		3A9AD6FE2171310000AA9626 /* ViewController.swift */ = {isa = PBXFileReference; lastKnownFileType = sourcecode.swift; path = ViewController.swift; sourceTree = "<group>"; };
		3A9AD7012171310000AA9626 /* Base */ = {isa = PBXFileReference; lastKnownFileType = file.storyboard; name = Base; path = Base.lproj/Main.storyboard; sourceTree = "<group>"; };
		3A9AD7032171310100AA9626 /* Assets.xcassets */ = {isa = PBXFileReference; lastKnownFileType = folder.assetcatalog; path = Assets.xcassets; sourceTree = "<group>"; };
		3A9AD7062171310100AA9626 /* Base */ = {isa = PBXFileReference; lastKnownFileType = file.storyboard; name = Base; path = Base.lproj/LaunchScreen.storyboard; sourceTree = "<group>"; };
		3A9AD7082171310100AA9626 /* Info.plist */ = {isa = PBXFileReference; lastKnownFileType = text.plist.xml; path = Info.plist; sourceTree = "<group>"; };
		3A9AD70D2171310200AA9626 /* MarvelTests.xctest */ = {isa = PBXFileReference; explicitFileType = wrapper.cfbundle; includeInIndex = 0; path = MarvelTests.xctest; sourceTree = BUILT_PRODUCTS_DIR; };
		3A9AD7112171310200AA9626 /* MarvelApiTests.swift */ = {isa = PBXFileReference; lastKnownFileType = sourcecode.swift; path = MarvelApiTests.swift; sourceTree = "<group>"; };
		3A9AD7132171310200AA9626 /* Info.plist */ = {isa = PBXFileReference; lastKnownFileType = text.plist.xml; path = Info.plist; sourceTree = "<group>"; };
		3A9AD7182171310200AA9626 /* MarvelUITests.xctest */ = {isa = PBXFileReference; explicitFileType = wrapper.cfbundle; includeInIndex = 0; path = MarvelUITests.xctest; sourceTree = BUILT_PRODUCTS_DIR; };
		3A9AD71C2171310200AA9626 /* MarvelUITests.swift */ = {isa = PBXFileReference; lastKnownFileType = sourcecode.swift; path = MarvelUITests.swift; sourceTree = "<group>"; };
		3A9AD71E2171310200AA9626 /* Info.plist */ = {isa = PBXFileReference; lastKnownFileType = text.plist.xml; path = Info.plist; sourceTree = "<group>"; };
		3A9AD7302171474600AA9626 /* MarvelModels.swift */ = {isa = PBXFileReference; lastKnownFileType = sourcecode.swift; path = MarvelModels.swift; sourceTree = "<group>"; };
		3A9AD73321714A3400AA9626 /* characters_sample.json */ = {isa = PBXFileReference; fileEncoding = 4; lastKnownFileType = text.json; path = characters_sample.json; sourceTree = "<group>"; };
		3A9AD7362171508900AA9626 /* MarvelApi.swift */ = {isa = PBXFileReference; lastKnownFileType = sourcecode.swift; path = MarvelApi.swift; sourceTree = "<group>"; };
		3A9AD73C2171947C00AA9626 /* MarvelApiAuthorization.swift */ = {isa = PBXFileReference; lastKnownFileType = sourcecode.swift; path = MarvelApiAuthorization.swift; sourceTree = "<group>"; };
		4A1FF615AB2F9D2D5DA8027C /* Pods_Marvel.framework */ = {isa = PBXFileReference; explicitFileType = wrapper.framework; includeInIndex = 0; path = Pods_Marvel.framework; sourceTree = BUILT_PRODUCTS_DIR; };
		4F2E44D3A5935079CC9D8A07 /* Pods_MarvelTests.framework */ = {isa = PBXFileReference; explicitFileType = wrapper.framework; includeInIndex = 0; path = Pods_MarvelTests.framework; sourceTree = BUILT_PRODUCTS_DIR; };
		708160D95C8C7B9928B9341D /* Pods-Marvel.debug.xcconfig */ = {isa = PBXFileReference; includeInIndex = 1; lastKnownFileType = text.xcconfig; name = "Pods-Marvel.debug.xcconfig"; path = "Pods/Target Support Files/Pods-Marvel/Pods-Marvel.debug.xcconfig"; sourceTree = "<group>"; };
		DB0A8C32097DED02F57455F5 /* Pods-MarvelTests.debug.xcconfig */ = {isa = PBXFileReference; includeInIndex = 1; lastKnownFileType = text.xcconfig; name = "Pods-MarvelTests.debug.xcconfig"; path = "Pods/Target Support Files/Pods-MarvelTests/Pods-MarvelTests.debug.xcconfig"; sourceTree = "<group>"; };
		DB8635F5EA5E0F74C53DD39F /* Pods-Marvel.release.xcconfig */ = {isa = PBXFileReference; includeInIndex = 1; lastKnownFileType = text.xcconfig; name = "Pods-Marvel.release.xcconfig"; path = "Pods/Target Support Files/Pods-Marvel/Pods-Marvel.release.xcconfig"; sourceTree = "<group>"; };
/* End PBXFileReference section */

/* Begin PBXFrameworksBuildPhase section */
		3A9AD6F62171310000AA9626 /* Frameworks */ = {
			isa = PBXFrameworksBuildPhase;
			buildActionMask = 2147483647;
			files = (
				1C10FA194CF0231D787A8F67 /* Pods_Marvel.framework in Frameworks */,
			);
			runOnlyForDeploymentPostprocessing = 0;
		};
		3A9AD70A2171310200AA9626 /* Frameworks */ = {
			isa = PBXFrameworksBuildPhase;
			buildActionMask = 2147483647;
			files = (
				AC8BC044C9295EDF636BFDFC /* Pods_MarvelTests.framework in Frameworks */,
			);
			runOnlyForDeploymentPostprocessing = 0;
		};
		3A9AD7152171310200AA9626 /* Frameworks */ = {
			isa = PBXFrameworksBuildPhase;
			buildActionMask = 2147483647;
			files = (
			);
			runOnlyForDeploymentPostprocessing = 0;
		};
/* End PBXFrameworksBuildPhase section */

/* Begin PBXGroup section */
		3A9AD6F02171310000AA9626 = {
			isa = PBXGroup;
			children = (
				3A9AD6FB2171310000AA9626 /* Marvel */,
				3A9AD7102171310200AA9626 /* MarvelTests */,
				3A9AD71B2171310200AA9626 /* MarvelUITests */,
				3A9AD6FA2171310000AA9626 /* Products */,
				F39A740144592499793B39BF /* Pods */,
				FBF0191DF98061461A74A4B1 /* Frameworks */,
			);
			sourceTree = "<group>";
		};
		3A9AD6FA2171310000AA9626 /* Products */ = {
			isa = PBXGroup;
			children = (
				3A9AD6F92171310000AA9626 /* Marvel.app */,
				3A9AD70D2171310200AA9626 /* MarvelTests.xctest */,
				3A9AD7182171310200AA9626 /* MarvelUITests.xctest */,
			);
			name = Products;
			sourceTree = "<group>";
		};
		3A9AD6FB2171310000AA9626 /* Marvel */ = {
			isa = PBXGroup;
			children = (
				3A9AD72F2171472F00AA9626 /* API */,
				3A9AD6FC2171310000AA9626 /* AppDelegate.swift */,
				3A9AD6FE2171310000AA9626 /* ViewController.swift */,
				3A9AD7002171310000AA9626 /* Main.storyboard */,
				3A9AD7032171310100AA9626 /* Assets.xcassets */,
				3A9AD7052171310100AA9626 /* LaunchScreen.storyboard */,
				3A9AD7082171310100AA9626 /* Info.plist */,
			);
			path = Marvel;
			sourceTree = "<group>";
		};
		3A9AD7102171310200AA9626 /* MarvelTests */ = {
			isa = PBXGroup;
			children = (
				3A9AD73221714A2C00AA9626 /* Samples */,
				3A9AD7112171310200AA9626 /* MarvelApiTests.swift */,
				3A9AD7132171310200AA9626 /* Info.plist */,
			);
			path = MarvelTests;
			sourceTree = "<group>";
		};
		3A9AD71B2171310200AA9626 /* MarvelUITests */ = {
			isa = PBXGroup;
			children = (
				3A9AD71C2171310200AA9626 /* MarvelUITests.swift */,
				3A9AD71E2171310200AA9626 /* Info.plist */,
			);
			path = MarvelUITests;
			sourceTree = "<group>";
		};
		3A9AD72F2171472F00AA9626 /* API */ = {
			isa = PBXGroup;
			children = (
				3A9AD7362171508900AA9626 /* MarvelApi.swift */,
				3A9AD73C2171947C00AA9626 /* MarvelApiAuthorization.swift */,
				3A9AD7302171474600AA9626 /* MarvelModels.swift */,
			);
			path = API;
			sourceTree = "<group>";
		};
		3A9AD73221714A2C00AA9626 /* Samples */ = {
			isa = PBXGroup;
			children = (
				3A9AD73321714A3400AA9626 /* characters_sample.json */,
			);
			path = Samples;
			sourceTree = "<group>";
		};
		F39A740144592499793B39BF /* Pods */ = {
			isa = PBXGroup;
			children = (
				708160D95C8C7B9928B9341D /* Pods-Marvel.debug.xcconfig */,
				DB8635F5EA5E0F74C53DD39F /* Pods-Marvel.release.xcconfig */,
				DB0A8C32097DED02F57455F5 /* Pods-MarvelTests.debug.xcconfig */,
				016E6BE1906277485C82B2A6 /* Pods-MarvelTests.release.xcconfig */,
			);
			name = Pods;
			sourceTree = "<group>";
		};
		FBF0191DF98061461A74A4B1 /* Frameworks */ = {
			isa = PBXGroup;
			children = (
				4A1FF615AB2F9D2D5DA8027C /* Pods_Marvel.framework */,
				4F2E44D3A5935079CC9D8A07 /* Pods_MarvelTests.framework */,
			);
			name = Frameworks;
			sourceTree = "<group>";
		};
/* End PBXGroup section */

/* Begin PBXNativeTarget section */
		3A9AD6F82171310000AA9626 /* Marvel */ = {
			isa = PBXNativeTarget;
			buildConfigurationList = 3A9AD7212171310200AA9626 /* Build configuration list for PBXNativeTarget "Marvel" */;
			buildPhases = (
				F0F486CA6494DE1F53E9AA3C /* [CP] Check Pods Manifest.lock */,
				3A9AD6F52171310000AA9626 /* Sources */,
				3A9AD6F62171310000AA9626 /* Frameworks */,
				3A9AD6F72171310000AA9626 /* Resources */,
				3A9AD72E2171467300AA9626 /* SwiftLint */,
				1A6B3015D577EE909C7D836C /* [CP] Embed Pods Frameworks */,
			);
			buildRules = (
			);
			dependencies = (
			);
			name = Marvel;
			productName = Marvel;
			productReference = 3A9AD6F92171310000AA9626 /* Marvel.app */;
			productType = "com.apple.product-type.application";
		};
		3A9AD70C2171310200AA9626 /* MarvelTests */ = {
			isa = PBXNativeTarget;
			buildConfigurationList = 3A9AD7242171310200AA9626 /* Build configuration list for PBXNativeTarget "MarvelTests" */;
			buildPhases = (
				56CFD5B69D8D37F542B97F21 /* [CP] Check Pods Manifest.lock */,
				3A9AD7092171310200AA9626 /* Sources */,
				3A9AD70A2171310200AA9626 /* Frameworks */,
				3A9AD70B2171310200AA9626 /* Resources */,
				5356D9AD422E3715C83DD055 /* [CP] Embed Pods Frameworks */,
			);
			buildRules = (
			);
			dependencies = (
				3A9AD70F2171310200AA9626 /* PBXTargetDependency */,
			);
			name = MarvelTests;
			productName = MarvelTests;
			productReference = 3A9AD70D2171310200AA9626 /* MarvelTests.xctest */;
			productType = "com.apple.product-type.bundle.unit-test";
		};
		3A9AD7172171310200AA9626 /* MarvelUITests */ = {
			isa = PBXNativeTarget;
			buildConfigurationList = 3A9AD7272171310200AA9626 /* Build configuration list for PBXNativeTarget "MarvelUITests" */;
			buildPhases = (
				3A9AD7142171310200AA9626 /* Sources */,
				3A9AD7152171310200AA9626 /* Frameworks */,
				3A9AD7162171310200AA9626 /* Resources */,
			);
			buildRules = (
			);
			dependencies = (
				3A9AD71A2171310200AA9626 /* PBXTargetDependency */,
			);
			name = MarvelUITests;
			productName = MarvelUITests;
			productReference = 3A9AD7182171310200AA9626 /* MarvelUITests.xctest */;
			productType = "com.apple.product-type.bundle.ui-testing";
		};
/* End PBXNativeTarget section */

/* Begin PBXProject section */
		3A9AD6F12171310000AA9626 /* Project object */ = {
			isa = PBXProject;
			attributes = {
				LastSwiftUpdateCheck = 1000;
				LastUpgradeCheck = 1000;
				TargetAttributes = {
					3A9AD6F82171310000AA9626 = {
						CreatedOnToolsVersion = 10.0;
					};
					3A9AD70C2171310200AA9626 = {
						CreatedOnToolsVersion = 10.0;
						TestTargetID = 3A9AD6F82171310000AA9626;
					};
					3A9AD7172171310200AA9626 = {
						CreatedOnToolsVersion = 10.0;
						TestTargetID = 3A9AD6F82171310000AA9626;
					};
				};
			};
			buildConfigurationList = 3A9AD6F42171310000AA9626 /* Build configuration list for PBXProject "Marvel" */;
			compatibilityVersion = "Xcode 9.3";
			developmentRegion = en;
			hasScannedForEncodings = 0;
			knownRegions = (
				en,
				Base,
			);
			mainGroup = 3A9AD6F02171310000AA9626;
			productRefGroup = 3A9AD6FA2171310000AA9626 /* Products */;
			projectDirPath = "";
			projectRoot = "";
			targets = (
				3A9AD6F82171310000AA9626 /* Marvel */,
				3A9AD70C2171310200AA9626 /* MarvelTests */,
				3A9AD7172171310200AA9626 /* MarvelUITests */,
			);
		};
/* End PBXProject section */

/* Begin PBXResourcesBuildPhase section */
		3A9AD6F72171310000AA9626 /* Resources */ = {
			isa = PBXResourcesBuildPhase;
			buildActionMask = 2147483647;
			files = (
				3A9AD7072171310100AA9626 /* LaunchScreen.storyboard in Resources */,
				3A9AD7042171310100AA9626 /* Assets.xcassets in Resources */,
				3A9AD7022171310000AA9626 /* Main.storyboard in Resources */,
			);
			runOnlyForDeploymentPostprocessing = 0;
		};
		3A9AD70B2171310200AA9626 /* Resources */ = {
			isa = PBXResourcesBuildPhase;
			buildActionMask = 2147483647;
			files = (
				3A9AD73421714A3400AA9626 /* characters_sample.json in Resources */,
			);
			runOnlyForDeploymentPostprocessing = 0;
		};
		3A9AD7162171310200AA9626 /* Resources */ = {
			isa = PBXResourcesBuildPhase;
			buildActionMask = 2147483647;
			files = (
			);
			runOnlyForDeploymentPostprocessing = 0;
		};
/* End PBXResourcesBuildPhase section */

/* Begin PBXShellScriptBuildPhase section */
		1A6B3015D577EE909C7D836C /* [CP] Embed Pods Frameworks */ = {
			isa = PBXShellScriptBuildPhase;
			buildActionMask = 2147483647;
			files = (
			);
			inputFileListPaths = (
			);
			inputPaths = (
				"${SRCROOT}/Pods/Target Support Files/Pods-Marvel/Pods-Marvel-frameworks.sh",
				"${BUILT_PRODUCTS_DIR}/RxCocoa/RxCocoa.framework",
				"${BUILT_PRODUCTS_DIR}/RxCocoaNetworking/RxCocoaNetworking.framework",
				"${BUILT_PRODUCTS_DIR}/RxSwift/RxSwift.framework",
				"${BUILT_PRODUCTS_DIR}/SwiftHash/SwiftHash.framework",
			);
			name = "[CP] Embed Pods Frameworks";
			outputFileListPaths = (
			);
			outputPaths = (
				"${TARGET_BUILD_DIR}/${FRAMEWORKS_FOLDER_PATH}/RxCocoa.framework",
				"${TARGET_BUILD_DIR}/${FRAMEWORKS_FOLDER_PATH}/RxCocoaNetworking.framework",
				"${TARGET_BUILD_DIR}/${FRAMEWORKS_FOLDER_PATH}/RxSwift.framework",
				"${TARGET_BUILD_DIR}/${FRAMEWORKS_FOLDER_PATH}/SwiftHash.framework",
			);
			runOnlyForDeploymentPostprocessing = 0;
			shellPath = /bin/sh;
			shellScript = "\"${SRCROOT}/Pods/Target Support Files/Pods-Marvel/Pods-Marvel-frameworks.sh\"\n";
			showEnvVarsInLog = 0;
		};
		3A9AD72E2171467300AA9626 /* SwiftLint */ = {
			isa = PBXShellScriptBuildPhase;
			buildActionMask = 2147483647;
			files = (
			);
			inputFileListPaths = (
			);
			inputPaths = (
			);
			name = SwiftLint;
			outputFileListPaths = (
			);
			outputPaths = (
			);
			runOnlyForDeploymentPostprocessing = 0;
			shellPath = /bin/sh;
			shellScript = "${PODS_ROOT}/SwiftLint/swiftlint\n";
		};
		5356D9AD422E3715C83DD055 /* [CP] Embed Pods Frameworks */ = {
			isa = PBXShellScriptBuildPhase;
			buildActionMask = 2147483647;
			files = (
			);
			inputFileListPaths = (
			);
			inputPaths = (
				"${SRCROOT}/Pods/Target Support Files/Pods-MarvelTests/Pods-MarvelTests-frameworks.sh",
				"${BUILT_PRODUCTS_DIR}/RxSwift/RxSwift.framework",
				"${BUILT_PRODUCTS_DIR}/RxTest/RxTest.framework",
			);
			name = "[CP] Embed Pods Frameworks";
			outputFileListPaths = (
			);
			outputPaths = (
				"${TARGET_BUILD_DIR}/${FRAMEWORKS_FOLDER_PATH}/RxSwift.framework",
				"${TARGET_BUILD_DIR}/${FRAMEWORKS_FOLDER_PATH}/RxTest.framework",
			);
			runOnlyForDeploymentPostprocessing = 0;
			shellPath = /bin/sh;
			shellScript = "\"${SRCROOT}/Pods/Target Support Files/Pods-MarvelTests/Pods-MarvelTests-frameworks.sh\"\n";
			showEnvVarsInLog = 0;
		};
		56CFD5B69D8D37F542B97F21 /* [CP] Check Pods Manifest.lock */ = {
			isa = PBXShellScriptBuildPhase;
			buildActionMask = 2147483647;
			files = (
			);
			inputFileListPaths = (
			);
			inputPaths = (
				"${PODS_PODFILE_DIR_PATH}/Podfile.lock",
				"${PODS_ROOT}/Manifest.lock",
			);
			name = "[CP] Check Pods Manifest.lock";
			outputFileListPaths = (
			);
			outputPaths = (
				"$(DERIVED_FILE_DIR)/Pods-MarvelTests-checkManifestLockResult.txt",
			);
			runOnlyForDeploymentPostprocessing = 0;
			shellPath = /bin/sh;
			shellScript = "diff \"${PODS_PODFILE_DIR_PATH}/Podfile.lock\" \"${PODS_ROOT}/Manifest.lock\" > /dev/null\nif [ $? != 0 ] ; then\n    # print error to STDERR\n    echo \"error: The sandbox is not in sync with the Podfile.lock. Run 'pod install' or update your CocoaPods installation.\" >&2\n    exit 1\nfi\n# This output is used by Xcode 'outputs' to avoid re-running this script phase.\necho \"SUCCESS\" > \"${SCRIPT_OUTPUT_FILE_0}\"\n";
			showEnvVarsInLog = 0;
		};
		F0F486CA6494DE1F53E9AA3C /* [CP] Check Pods Manifest.lock */ = {
			isa = PBXShellScriptBuildPhase;
			buildActionMask = 2147483647;
			files = (
			);
			inputFileListPaths = (
			);
			inputPaths = (
				"${PODS_PODFILE_DIR_PATH}/Podfile.lock",
				"${PODS_ROOT}/Manifest.lock",
			);
			name = "[CP] Check Pods Manifest.lock";
			outputFileListPaths = (
			);
			outputPaths = (
				"$(DERIVED_FILE_DIR)/Pods-Marvel-checkManifestLockResult.txt",
			);
			runOnlyForDeploymentPostprocessing = 0;
			shellPath = /bin/sh;
			shellScript = "diff \"${PODS_PODFILE_DIR_PATH}/Podfile.lock\" \"${PODS_ROOT}/Manifest.lock\" > /dev/null\nif [ $? != 0 ] ; then\n    # print error to STDERR\n    echo \"error: The sandbox is not in sync with the Podfile.lock. Run 'pod install' or update your CocoaPods installation.\" >&2\n    exit 1\nfi\n# This output is used by Xcode 'outputs' to avoid re-running this script phase.\necho \"SUCCESS\" > \"${SCRIPT_OUTPUT_FILE_0}\"\n";
			showEnvVarsInLog = 0;
		};
/* End PBXShellScriptBuildPhase section */

/* Begin PBXSourcesBuildPhase section */
		3A9AD6F52171310000AA9626 /* Sources */ = {
			isa = PBXSourcesBuildPhase;
			buildActionMask = 2147483647;
			files = (
				3A9AD6FF2171310000AA9626 /* ViewController.swift in Sources */,
				3A9AD7312171474600AA9626 /* MarvelModels.swift in Sources */,
				3A9AD73D2171947C00AA9626 /* MarvelApiAuthorization.swift in Sources */,
				3A9AD6FD2171310000AA9626 /* AppDelegate.swift in Sources */,
				3A9AD7372171508900AA9626 /* MarvelApi.swift in Sources */,
			);
			runOnlyForDeploymentPostprocessing = 0;
		};
		3A9AD7092171310200AA9626 /* Sources */ = {
			isa = PBXSourcesBuildPhase;
			buildActionMask = 2147483647;
			files = (
				3A9AD7122171310200AA9626 /* MarvelApiTests.swift in Sources */,
			);
			runOnlyForDeploymentPostprocessing = 0;
		};
		3A9AD7142171310200AA9626 /* Sources */ = {
			isa = PBXSourcesBuildPhase;
			buildActionMask = 2147483647;
			files = (
				3A9AD71D2171310200AA9626 /* MarvelUITests.swift in Sources */,
			);
			runOnlyForDeploymentPostprocessing = 0;
		};
/* End PBXSourcesBuildPhase section */

/* Begin PBXTargetDependency section */
		3A9AD70F2171310200AA9626 /* PBXTargetDependency */ = {
			isa = PBXTargetDependency;
			target = 3A9AD6F82171310000AA9626 /* Marvel */;
			targetProxy = 3A9AD70E2171310200AA9626 /* PBXContainerItemProxy */;
		};
		3A9AD71A2171310200AA9626 /* PBXTargetDependency */ = {
			isa = PBXTargetDependency;
			target = 3A9AD6F82171310000AA9626 /* Marvel */;
			targetProxy = 3A9AD7192171310200AA9626 /* PBXContainerItemProxy */;
		};
/* End PBXTargetDependency section */

/* Begin PBXVariantGroup section */
		3A9AD7002171310000AA9626 /* Main.storyboard */ = {
			isa = PBXVariantGroup;
			children = (
				3A9AD7012171310000AA9626 /* Base */,
			);
			name = Main.storyboard;
			sourceTree = "<group>";
		};
		3A9AD7052171310100AA9626 /* LaunchScreen.storyboard */ = {
			isa = PBXVariantGroup;
			children = (
				3A9AD7062171310100AA9626 /* Base */,
			);
			name = LaunchScreen.storyboard;
			sourceTree = "<group>";
		};
/* End PBXVariantGroup section */

/* Begin XCBuildConfiguration section */
		3A9AD71F2171310200AA9626 /* Debug */ = {
			isa = XCBuildConfiguration;
			buildSettings = {
				ALWAYS_SEARCH_USER_PATHS = NO;
				CLANG_ANALYZER_NONNULL = YES;
				CLANG_ANALYZER_NUMBER_OBJECT_CONVERSION = YES_AGGRESSIVE;
				CLANG_CXX_LANGUAGE_STANDARD = "gnu++14";
				CLANG_CXX_LIBRARY = "libc++";
				CLANG_ENABLE_MODULES = YES;
				CLANG_ENABLE_OBJC_ARC = YES;
				CLANG_ENABLE_OBJC_WEAK = YES;
				CLANG_WARN_BLOCK_CAPTURE_AUTORELEASING = YES;
				CLANG_WARN_BOOL_CONVERSION = YES;
				CLANG_WARN_COMMA = YES;
				CLANG_WARN_CONSTANT_CONVERSION = YES;
				CLANG_WARN_DEPRECATED_OBJC_IMPLEMENTATIONS = YES;
				CLANG_WARN_DIRECT_OBJC_ISA_USAGE = YES_ERROR;
				CLANG_WARN_DOCUMENTATION_COMMENTS = YES;
				CLANG_WARN_EMPTY_BODY = YES;
				CLANG_WARN_ENUM_CONVERSION = YES;
				CLANG_WARN_INFINITE_RECURSION = YES;
				CLANG_WARN_INT_CONVERSION = YES;
				CLANG_WARN_NON_LITERAL_NULL_CONVERSION = YES;
				CLANG_WARN_OBJC_IMPLICIT_RETAIN_SELF = YES;
				CLANG_WARN_OBJC_LITERAL_CONVERSION = YES;
				CLANG_WARN_OBJC_ROOT_CLASS = YES_ERROR;
				CLANG_WARN_RANGE_LOOP_ANALYSIS = YES;
				CLANG_WARN_STRICT_PROTOTYPES = YES;
				CLANG_WARN_SUSPICIOUS_MOVE = YES;
				CLANG_WARN_UNGUARDED_AVAILABILITY = YES_AGGRESSIVE;
				CLANG_WARN_UNREACHABLE_CODE = YES;
				CLANG_WARN__DUPLICATE_METHOD_MATCH = YES;
				CODE_SIGN_IDENTITY = "iPhone Developer";
				COPY_PHASE_STRIP = NO;
				DEBUG_INFORMATION_FORMAT = dwarf;
				ENABLE_STRICT_OBJC_MSGSEND = YES;
				ENABLE_TESTABILITY = YES;
				GCC_C_LANGUAGE_STANDARD = gnu11;
				GCC_DYNAMIC_NO_PIC = NO;
				GCC_NO_COMMON_BLOCKS = YES;
				GCC_OPTIMIZATION_LEVEL = 0;
				GCC_PREPROCESSOR_DEFINITIONS = (
					"DEBUG=1",
					"$(inherited)",
				);
				GCC_WARN_64_TO_32_BIT_CONVERSION = YES;
				GCC_WARN_ABOUT_RETURN_TYPE = YES_ERROR;
				GCC_WARN_UNDECLARED_SELECTOR = YES;
				GCC_WARN_UNINITIALIZED_AUTOS = YES_AGGRESSIVE;
				GCC_WARN_UNUSED_FUNCTION = YES;
				GCC_WARN_UNUSED_VARIABLE = YES;
				IPHONEOS_DEPLOYMENT_TARGET = 12.0;
				MTL_ENABLE_DEBUG_INFO = INCLUDE_SOURCE;
				MTL_FAST_MATH = YES;
				ONLY_ACTIVE_ARCH = YES;
				SDKROOT = iphoneos;
				SWIFT_ACTIVE_COMPILATION_CONDITIONS = DEBUG;
				SWIFT_OPTIMIZATION_LEVEL = "-Onone";
			};
			name = Debug;
		};
		3A9AD7202171310200AA9626 /* Release */ = {
			isa = XCBuildConfiguration;
			buildSettings = {
				ALWAYS_SEARCH_USER_PATHS = NO;
				CLANG_ANALYZER_NONNULL = YES;
				CLANG_ANALYZER_NUMBER_OBJECT_CONVERSION = YES_AGGRESSIVE;
				CLANG_CXX_LANGUAGE_STANDARD = "gnu++14";
				CLANG_CXX_LIBRARY = "libc++";
				CLANG_ENABLE_MODULES = YES;
				CLANG_ENABLE_OBJC_ARC = YES;
				CLANG_ENABLE_OBJC_WEAK = YES;
				CLANG_WARN_BLOCK_CAPTURE_AUTORELEASING = YES;
				CLANG_WARN_BOOL_CONVERSION = YES;
				CLANG_WARN_COMMA = YES;
				CLANG_WARN_CONSTANT_CONVERSION = YES;
				CLANG_WARN_DEPRECATED_OBJC_IMPLEMENTATIONS = YES;
				CLANG_WARN_DIRECT_OBJC_ISA_USAGE = YES_ERROR;
				CLANG_WARN_DOCUMENTATION_COMMENTS = YES;
				CLANG_WARN_EMPTY_BODY = YES;
				CLANG_WARN_ENUM_CONVERSION = YES;
				CLANG_WARN_INFINITE_RECURSION = YES;
				CLANG_WARN_INT_CONVERSION = YES;
				CLANG_WARN_NON_LITERAL_NULL_CONVERSION = YES;
				CLANG_WARN_OBJC_IMPLICIT_RETAIN_SELF = YES;
				CLANG_WARN_OBJC_LITERAL_CONVERSION = YES;
				CLANG_WARN_OBJC_ROOT_CLASS = YES_ERROR;
				CLANG_WARN_RANGE_LOOP_ANALYSIS = YES;
				CLANG_WARN_STRICT_PROTOTYPES = YES;
				CLANG_WARN_SUSPICIOUS_MOVE = YES;
				CLANG_WARN_UNGUARDED_AVAILABILITY = YES_AGGRESSIVE;
				CLANG_WARN_UNREACHABLE_CODE = YES;
				CLANG_WARN__DUPLICATE_METHOD_MATCH = YES;
				CODE_SIGN_IDENTITY = "iPhone Developer";
				COPY_PHASE_STRIP = NO;
				DEBUG_INFORMATION_FORMAT = "dwarf-with-dsym";
				ENABLE_NS_ASSERTIONS = NO;
				ENABLE_STRICT_OBJC_MSGSEND = YES;
				GCC_C_LANGUAGE_STANDARD = gnu11;
				GCC_NO_COMMON_BLOCKS = YES;
				GCC_WARN_64_TO_32_BIT_CONVERSION = YES;
				GCC_WARN_ABOUT_RETURN_TYPE = YES_ERROR;
				GCC_WARN_UNDECLARED_SELECTOR = YES;
				GCC_WARN_UNINITIALIZED_AUTOS = YES_AGGRESSIVE;
				GCC_WARN_UNUSED_FUNCTION = YES;
				GCC_WARN_UNUSED_VARIABLE = YES;
				IPHONEOS_DEPLOYMENT_TARGET = 12.0;
				MTL_ENABLE_DEBUG_INFO = NO;
				MTL_FAST_MATH = YES;
				SDKROOT = iphoneos;
				SWIFT_COMPILATION_MODE = wholemodule;
				SWIFT_OPTIMIZATION_LEVEL = "-O";
				VALIDATE_PRODUCT = YES;
			};
			name = Release;
		};
		3A9AD7222171310200AA9626 /* Debug */ = {
			isa = XCBuildConfiguration;
			baseConfigurationReference = 708160D95C8C7B9928B9341D /* Pods-Marvel.debug.xcconfig */;
			buildSettings = {
				ASSETCATALOG_COMPILER_APPICON_NAME = AppIcon;
				CODE_SIGN_STYLE = Automatic;
				INFOPLIST_FILE = Marvel/Info.plist;
				LD_RUNPATH_SEARCH_PATHS = (
					"$(inherited)",
					"@executable_path/Frameworks",
				);
				PRODUCT_BUNDLE_IDENTIFIER = me.gobetti.Marvel;
				PRODUCT_NAME = "$(TARGET_NAME)";
				SWIFT_VERSION = 4.2;
				TARGETED_DEVICE_FAMILY = "1,2";
			};
			name = Debug;
		};
		3A9AD7232171310200AA9626 /* Release */ = {
			isa = XCBuildConfiguration;
			baseConfigurationReference = DB8635F5EA5E0F74C53DD39F /* Pods-Marvel.release.xcconfig */;
			buildSettings = {
				ASSETCATALOG_COMPILER_APPICON_NAME = AppIcon;
				CODE_SIGN_STYLE = Automatic;
				INFOPLIST_FILE = Marvel/Info.plist;
				LD_RUNPATH_SEARCH_PATHS = (
					"$(inherited)",
					"@executable_path/Frameworks",
				);
				PRODUCT_BUNDLE_IDENTIFIER = me.gobetti.Marvel;
				PRODUCT_NAME = "$(TARGET_NAME)";
				SWIFT_VERSION = 4.2;
				TARGETED_DEVICE_FAMILY = "1,2";
			};
			name = Release;
		};
		3A9AD7252171310200AA9626 /* Debug */ = {
			isa = XCBuildConfiguration;
			baseConfigurationReference = DB0A8C32097DED02F57455F5 /* Pods-MarvelTests.debug.xcconfig */;
			buildSettings = {
				ALWAYS_EMBED_SWIFT_STANDARD_LIBRARIES = "$(inherited)";
				BUNDLE_LOADER = "$(TEST_HOST)";
				CODE_SIGN_STYLE = Automatic;
				INFOPLIST_FILE = MarvelTests/Info.plist;
				LD_RUNPATH_SEARCH_PATHS = (
					"$(inherited)",
					"@executable_path/Frameworks",
					"@loader_path/Frameworks",
				);
				PRODUCT_BUNDLE_IDENTIFIER = me.gobetti.MarvelTests;
				PRODUCT_NAME = "$(TARGET_NAME)";
				SWIFT_VERSION = 4.2;
				TARGETED_DEVICE_FAMILY = "1,2";
				TEST_HOST = "$(BUILT_PRODUCTS_DIR)/Marvel.app/Marvel";
			};
			name = Debug;
		};
		3A9AD7262171310200AA9626 /* Release */ = {
			isa = XCBuildConfiguration;
			baseConfigurationReference = 016E6BE1906277485C82B2A6 /* Pods-MarvelTests.release.xcconfig */;
			buildSettings = {
				ALWAYS_EMBED_SWIFT_STANDARD_LIBRARIES = "$(inherited)";
				BUNDLE_LOADER = "$(TEST_HOST)";
				CODE_SIGN_STYLE = Automatic;
				INFOPLIST_FILE = MarvelTests/Info.plist;
				LD_RUNPATH_SEARCH_PATHS = (
					"$(inherited)",
					"@executable_path/Frameworks",
					"@loader_path/Frameworks",
				);
				PRODUCT_BUNDLE_IDENTIFIER = me.gobetti.MarvelTests;
				PRODUCT_NAME = "$(TARGET_NAME)";
				SWIFT_VERSION = 4.2;
				TARGETED_DEVICE_FAMILY = "1,2";
				TEST_HOST = "$(BUILT_PRODUCTS_DIR)/Marvel.app/Marvel";
			};
			name = Release;
		};
		3A9AD7282171310200AA9626 /* Debug */ = {
			isa = XCBuildConfiguration;
			buildSettings = {
				ALWAYS_EMBED_SWIFT_STANDARD_LIBRARIES = "$(inherited)";
				CODE_SIGN_STYLE = Automatic;
				INFOPLIST_FILE = MarvelUITests/Info.plist;
				LD_RUNPATH_SEARCH_PATHS = (
					"$(inherited)",
					"@executable_path/Frameworks",
					"@loader_path/Frameworks",
				);
				PRODUCT_BUNDLE_IDENTIFIER = me.gobetti.MarvelUITests;
				PRODUCT_NAME = "$(TARGET_NAME)";
				SWIFT_VERSION = 4.2;
				TARGETED_DEVICE_FAMILY = "1,2";
				TEST_TARGET_NAME = Marvel;
			};
			name = Debug;
		};
		3A9AD7292171310200AA9626 /* Release */ = {
			isa = XCBuildConfiguration;
			buildSettings = {
				ALWAYS_EMBED_SWIFT_STANDARD_LIBRARIES = "$(inherited)";
				CODE_SIGN_STYLE = Automatic;
				INFOPLIST_FILE = MarvelUITests/Info.plist;
				LD_RUNPATH_SEARCH_PATHS = (
					"$(inherited)",
					"@executable_path/Frameworks",
					"@loader_path/Frameworks",
				);
				PRODUCT_BUNDLE_IDENTIFIER = me.gobetti.MarvelUITests;
				PRODUCT_NAME = "$(TARGET_NAME)";
				SWIFT_VERSION = 4.2;
				TARGETED_DEVICE_FAMILY = "1,2";
				TEST_TARGET_NAME = Marvel;
			};
			name = Release;
		};
/* End XCBuildConfiguration section */

/* Begin XCConfigurationList section */
		3A9AD6F42171310000AA9626 /* Build configuration list for PBXProject "Marvel" */ = {
			isa = XCConfigurationList;
			buildConfigurations = (
				3A9AD71F2171310200AA9626 /* Debug */,
				3A9AD7202171310200AA9626 /* Release */,
			);
			defaultConfigurationIsVisible = 0;
			defaultConfigurationName = Release;
		};
		3A9AD7212171310200AA9626 /* Build configuration list for PBXNativeTarget "Marvel" */ = {
			isa = XCConfigurationList;
			buildConfigurations = (
				3A9AD7222171310200AA9626 /* Debug */,
				3A9AD7232171310200AA9626 /* Release */,
			);
			defaultConfigurationIsVisible = 0;
			defaultConfigurationName = Release;
		};
		3A9AD7242171310200AA9626 /* Build configuration list for PBXNativeTarget "MarvelTests" */ = {
			isa = XCConfigurationList;
			buildConfigurations = (
				3A9AD7252171310200AA9626 /* Debug */,
				3A9AD7262171310200AA9626 /* Release */,
			);
			defaultConfigurationIsVisible = 0;
			defaultConfigurationName = Release;
		};
		3A9AD7272171310200AA9626 /* Build configuration list for PBXNativeTarget "MarvelUITests" */ = {
			isa = XCConfigurationList;
			buildConfigurations = (
				3A9AD7282171310200AA9626 /* Debug */,
				3A9AD7292171310200AA9626 /* Release */,
			);
			defaultConfigurationIsVisible = 0;
			defaultConfigurationName = Release;
		};
/* End XCConfigurationList section */
	};
	rootObject = 3A9AD6F12171310000AA9626 /* Project object */;
}
